
Microsoft Visual Studio Solution File, Format Version 12.00
# Visual Studio Version 16
VisualStudioVersion = 16.0.30804.86
MinimumVisualStudioVersion = 10.0.40219.1
Project("{FAE04EC0-301F-11D3-BF4B-00C04F79EFBC}") = "sort", "sort\sort.csproj", "{A4562D3A-AED5-4093-849F-7023B2408F1A}"
EndProject
Global
	GlobalSection(SolutionConfigurationPlatforms) = preSolution
		Debug|Any CPU = Debug|Any CPU
		Release|Any CPU = Release|Any CPU
	EndGlobalSection
	GlobalSection(ProjectConfigurationPlatforms) = postSolution
		{A4562D3A-AED5-4093-849F-7023B2408F1A}.Debug|Any CPU.ActiveCfg = Debug|Any CPU
		{A4562D3A-AED5-4093-849F-7023B2408F1A}.Debug|Any CPU.Build.0 = Debug|Any CPU
		{A4562D3A-AED5-4093-849F-7023B2408F1A}.Release|Any CPU.ActiveCfg = Release|Any CPU
		{A4562D3A-AED5-4093-849F-7023B2408F1A}.Release|Any CPU.Build.0 = Release|Any CPU
	EndGlobalSection
	GlobalSection(SolutionProperties) = preSolution
		HideSolutionNode = FALSE
	EndGlobalSection
	GlobalSection(ExtensibilityGlobals) = postSolution
		SolutionGuid = {2D6B345C-AECA-4F1A-B884-DBD6F67740CD}
	EndGlobalSection
EndGlobal
